
Microsoft Visual Studio Solution File, Format Version 12.00
# Visual Studio Version 16
VisualStudioVersion = 16.0.30225.117
MinimumVisualStudioVersion = 10.0.40219.1
Project("{9A19103F-16F7-4668-BE54-9A1E7A4F7556}") = "RadoGeorgiev", "RadoGeorgiev.csproj", "{63AFD69F-F1C9-4038-8BE7-AF75BDB83093}"
EndProject
Global
	GlobalSection(SolutionConfigurationPlatforms) = preSolution
		Debug|Any CPU = Debug|Any CPU
		Release|Any CPU = Release|Any CPU
	EndGlobalSection
	GlobalSection(ProjectConfigurationPlatforms) = postSolution
		{63AFD69F-F1C9-4038-8BE7-AF75BDB83093}.Debug|Any CPU.ActiveCfg = Debug|Any CPU
		{63AFD69F-F1C9-4038-8BE7-AF75BDB83093}.Debug|Any CPU.Build.0 = Debug|Any CPU
		{63AFD69F-F1C9-4038-8BE7-AF75BDB83093}.Release|Any CPU.ActiveCfg = Release|Any CPU
		{63AFD69F-F1C9-4038-8BE7-AF75BDB83093}.Release|Any CPU.Build.0 = Release|Any CPU
	EndGlobalSection
	GlobalSection(SolutionProperties) = preSolution
		HideSolutionNode = FALSE
	EndGlobalSection
	GlobalSection(ExtensibilityGlobals) = postSolution
		SolutionGuid = {4B2835DF-2E1A-4A21-BBDC-38D979C09167}
	EndGlobalSection
EndGlobal
